
Microsoft Visual Studio Solution File, Format Version 12.00
# Visual Studio Version 16
VisualStudioVersion = 16.0.31129.286
MinimumVisualStudioVersion = 10.0.40219.1
Project("{FAE04EC0-301F-11D3-BF4B-00C04F79EFBC}") = "UcgenOlusturucu", "UcgenOlusturucu\UcgenOlusturucu.csproj", "{5CAE3B0F-99D4-48F2-B699-7294C60642C8}"
EndProject
Global
	GlobalSection(SolutionConfigurationPlatforms) = preSolution
		Debug|Any CPU = Debug|Any CPU
		Release|Any CPU = Release|Any CPU
	EndGlobalSection
	GlobalSection(ProjectConfigurationPlatforms) = postSolution
		{5CAE3B0F-99D4-48F2-B699-7294C60642C8}.Debug|Any CPU.ActiveCfg = Debug|Any CPU
		{5CAE3B0F-99D4-48F2-B699-7294C60642C8}.Debug|Any CPU.Build.0 = Debug|Any CPU
		{5CAE3B0F-99D4-48F2-B699-7294C60642C8}.Release|Any CPU.ActiveCfg = Release|Any CPU
		{5CAE3B0F-99D4-48F2-B699-7294C60642C8}.Release|Any CPU.Build.0 = Release|Any CPU
	EndGlobalSection
	GlobalSection(SolutionProperties) = preSolution
		HideSolutionNode = FALSE
	EndGlobalSection
	GlobalSection(ExtensibilityGlobals) = postSolution
		SolutionGuid = {EF8B3877-BBED-41BF-8D95-BE2C33F6D30F}
	EndGlobalSection
EndGlobal
